
Microsoft Visual Studio Solution File, Format Version 12.00
# Visual Studio Version 16
VisualStudioVersion = 16.0.30204.135
MinimumVisualStudioVersion = 10.0.40219.1
Project("{FAE04EC0-301F-11D3-BF4B-00C04F79EFBC}") = "lotsofeval", "lotsofeval\lotsofeval.csproj", "{DB8D92DA-DD0D-4AEB-8171-2E33D70BB90D}"
EndProject
Global
	GlobalSection(SolutionConfigurationPlatforms) = preSolution
		Debug|Any CPU = Debug|Any CPU
		Release|Any CPU = Release|Any CPU
	EndGlobalSection
	GlobalSection(ProjectConfigurationPlatforms) = postSolution
		{DB8D92DA-DD0D-4AEB-8171-2E33D70BB90D}.Debug|Any CPU.ActiveCfg = Debug|Any CPU
		{DB8D92DA-DD0D-4AEB-8171-2E33D70BB90D}.Debug|Any CPU.Build.0 = Debug|Any CPU
		{DB8D92DA-DD0D-4AEB-8171-2E33D70BB90D}.Release|Any CPU.ActiveCfg = Release|Any CPU
		{DB8D92DA-DD0D-4AEB-8171-2E33D70BB90D}.Release|Any CPU.Build.0 = Release|Any CPU
	EndGlobalSection
	GlobalSection(SolutionProperties) = preSolution
		HideSolutionNode = FALSE
	EndGlobalSection
	GlobalSection(ExtensibilityGlobals) = postSolution
		SolutionGuid = {06534A86-7A91-4C25-9358-13A2726B0342}
	EndGlobalSection
EndGlobal
